// !$*UTF8*$!
{
	archiveVersion = 1;
	classes = {
	};
	objectVersion = 51;
	objects = {

/* Begin PBXBuildFile section */
		9D2C38BE255C0E9800C1DBE6 /* AppDelegate.swift in Sources */ = {isa = PBXBuildFile; fileRef = 9D2C38BD255C0E9800C1DBE6 /* AppDelegate.swift */; };
		9D2C38C0255C0E9800C1DBE6 /* SceneDelegate.swift in Sources */ = {isa = PBXBuildFile; fileRef = 9D2C38BF255C0E9800C1DBE6 /* SceneDelegate.swift */; };
		9D2C38C2255C0E9800C1DBE6 /* MoviesViewController.swift in Sources */ = {isa = PBXBuildFile; fileRef = 9D2C38C1255C0E9800C1DBE6 /* MoviesViewController.swift */; };
		9D2C38C5255C0E9800C1DBE6 /* Main.storyboard in Resources */ = {isa = PBXBuildFile; fileRef = 9D2C38C3255C0E9800C1DBE6 /* Main.storyboard */; };
		9D2C38C7255C0E9D00C1DBE6 /* Assets.xcassets in Resources */ = {isa = PBXBuildFile; fileRef = 9D2C38C6255C0E9D00C1DBE6 /* Assets.xcassets */; };
		9D2C38CA255C0E9D00C1DBE6 /* LaunchScreen.storyboard in Resources */ = {isa = PBXBuildFile; fileRef = 9D2C38C8255C0E9D00C1DBE6 /* LaunchScreen.storyboard */; };
		9D2C38D8255C549E00C1DBE6 /* CustomTableViewCell.swift in Sources */ = {isa = PBXBuildFile; fileRef = 9D2C38D6255C549E00C1DBE6 /* CustomTableViewCell.swift */; };
		9D2C38D9255C549E00C1DBE6 /* CustomTableViewCell.xib in Resources */ = {isa = PBXBuildFile; fileRef = 9D2C38D7255C549E00C1DBE6 /* CustomTableViewCell.xib */; };
		9D2C38DD255C5F4200C1DBE6 /* TVShowAPI.swift in Sources */ = {isa = PBXBuildFile; fileRef = 9D2C38DC255C5F4200C1DBE6 /* TVShowAPI.swift */; };
		9D2C38DF255C5F6200C1DBE6 /* ResponseAPI.swift in Sources */ = {isa = PBXBuildFile; fileRef = 9D2C38DE255C5F6200C1DBE6 /* ResponseAPI.swift */; };
		9FB81429E7580E5BB6774965 /* Pods_TVShow.framework in Frameworks */ = {isa = PBXBuildFile; fileRef = 32022A90865F2D8C65C15400 /* Pods_TVShow.framework */; };
/* End PBXBuildFile section */

/* Begin PBXFileReference section */
		2C32F5348AE4C67EC795EC78 /* Pods-TVShow.debug.xcconfig */ = {isa = PBXFileReference; includeInIndex = 1; lastKnownFileType = text.xcconfig; name = "Pods-TVShow.debug.xcconfig"; path = "Target Support Files/Pods-TVShow/Pods-TVShow.debug.xcconfig"; sourceTree = "<group>"; };
		32022A90865F2D8C65C15400 /* Pods_TVShow.framework */ = {isa = PBXFileReference; explicitFileType = wrapper.framework; includeInIndex = 0; path = Pods_TVShow.framework; sourceTree = BUILT_PRODUCTS_DIR; };
		9D2C38BA255C0E9800C1DBE6 /* TVShow.app */ = {isa = PBXFileReference; explicitFileType = wrapper.application; includeInIndex = 0; path = TVShow.app; sourceTree = BUILT_PRODUCTS_DIR; };
		9D2C38BD255C0E9800C1DBE6 /* AppDelegate.swift */ = {isa = PBXFileReference; lastKnownFileType = sourcecode.swift; path = AppDelegate.swift; sourceTree = "<group>"; };
		9D2C38BF255C0E9800C1DBE6 /* SceneDelegate.swift */ = {isa = PBXFileReference; lastKnownFileType = sourcecode.swift; path = SceneDelegate.swift; sourceTree = "<group>"; };
		9D2C38C1255C0E9800C1DBE6 /* MoviesViewController.swift */ = {isa = PBXFileReference; lastKnownFileType = sourcecode.swift; path = MoviesViewController.swift; sourceTree = "<group>"; };
		9D2C38C4255C0E9800C1DBE6 /* Base */ = {isa = PBXFileReference; lastKnownFileType = file.storyboard; name = Base; path = Base.lproj/Main.storyboard; sourceTree = "<group>"; };
		9D2C38C6255C0E9D00C1DBE6 /* Assets.xcassets */ = {isa = PBXFileReference; lastKnownFileType = folder.assetcatalog; path = Assets.xcassets; sourceTree = "<group>"; };
		9D2C38C9255C0E9D00C1DBE6 /* Base */ = {isa = PBXFileReference; lastKnownFileType = file.storyboard; name = Base; path = Base.lproj/LaunchScreen.storyboard; sourceTree = "<group>"; };
		9D2C38CB255C0E9D00C1DBE6 /* Info.plist */ = {isa = PBXFileReference; lastKnownFileType = text.plist.xml; path = Info.plist; sourceTree = "<group>"; };
		9D2C38D6255C549E00C1DBE6 /* CustomTableViewCell.swift */ = {isa = PBXFileReference; lastKnownFileType = sourcecode.swift; path = CustomTableViewCell.swift; sourceTree = "<group>"; };
		9D2C38D7255C549E00C1DBE6 /* CustomTableViewCell.xib */ = {isa = PBXFileReference; lastKnownFileType = file.xib; path = CustomTableViewCell.xib; sourceTree = "<group>"; };
		9D2C38DC255C5F4200C1DBE6 /* TVShowAPI.swift */ = {isa = PBXFileReference; lastKnownFileType = sourcecode.swift; path = TVShowAPI.swift; sourceTree = "<group>"; };
		9D2C38DE255C5F6200C1DBE6 /* ResponseAPI.swift */ = {isa = PBXFileReference; lastKnownFileType = sourcecode.swift; path = ResponseAPI.swift; sourceTree = "<group>"; };
		D9C924C19AD5B96A1C76D206 /* Pods-TVShow.release.xcconfig */ = {isa = PBXFileReference; includeInIndex = 1; lastKnownFileType = text.xcconfig; name = "Pods-TVShow.release.xcconfig"; path = "Target Support Files/Pods-TVShow/Pods-TVShow.release.xcconfig"; sourceTree = "<group>"; };
/* End PBXFileReference section */

/* Begin PBXFrameworksBuildPhase section */
		9D2C38B7255C0E9800C1DBE6 /* Frameworks */ = {
			isa = PBXFrameworksBuildPhase;
			buildActionMask = 2147483647;
			files = (
				9FB81429E7580E5BB6774965 /* Pods_TVShow.framework in Frameworks */,
			);
			runOnlyForDeploymentPostprocessing = 0;
		};
/* End PBXFrameworksBuildPhase section */

/* Begin PBXGroup section */
		9C2E8C0D5F9A41B7456C80C3 /* Frameworks */ = {
			isa = PBXGroup;
			children = (
				32022A90865F2D8C65C15400 /* Pods_TVShow.framework */,
			);
			name = Frameworks;
			sourceTree = "<group>";
		};
		9D2C38B1255C0E9800C1DBE6 = {
			isa = PBXGroup;
			children = (
				9D2C38BC255C0E9800C1DBE6 /* TVShow */,
				9D2C38BB255C0E9800C1DBE6 /* Products */,
				DD0306812C076AF751313087 /* Pods */,
				9C2E8C0D5F9A41B7456C80C3 /* Frameworks */,
			);
			sourceTree = "<group>";
		};
		9D2C38BB255C0E9800C1DBE6 /* Products */ = {
			isa = PBXGroup;
			children = (
				9D2C38BA255C0E9800C1DBE6 /* TVShow.app */,
			);
			name = Products;
			sourceTree = "<group>";
		};
		9D2C38BC255C0E9800C1DBE6 /* TVShow */ = {
			isa = PBXGroup;
			children = (
				9D2C38D3255C154400C1DBE6 /* Application */,
				9D2C38D1255C146700C1DBE6 /* Controllers */,
				9D2C38D4255C157500C1DBE6 /* Model */,
				9D2C38D2255C147C00C1DBE6 /* Resources */,
			);
			path = TVShow;
			sourceTree = "<group>";
		};
		9D2C38D1255C146700C1DBE6 /* Controllers */ = {
			isa = PBXGroup;
			children = (
				9D2C38D5255C158200C1DBE6 /* Cell */,
				9D2C38C1255C0E9800C1DBE6 /* MoviesViewController.swift */,
			);
			path = Controllers;
			sourceTree = "<group>";
		};
		9D2C38D2255C147C00C1DBE6 /* Resources */ = {
			isa = PBXGroup;
			children = (
				9D2C38C8255C0E9D00C1DBE6 /* LaunchScreen.storyboard */,
				9D2C38C6255C0E9D00C1DBE6 /* Assets.xcassets */,
				9D2C38C3255C0E9800C1DBE6 /* Main.storyboard */,
			);
			path = Resources;
			sourceTree = "<group>";
		};
		9D2C38D3255C154400C1DBE6 /* Application */ = {
			isa = PBXGroup;
			children = (
				9D2C38BF255C0E9800C1DBE6 /* SceneDelegate.swift */,
				9D2C38BD255C0E9800C1DBE6 /* AppDelegate.swift */,
				9D2C38CB255C0E9D00C1DBE6 /* Info.plist */,
			);
			path = Application;
			sourceTree = "<group>";
		};
		9D2C38D4255C157500C1DBE6 /* Model */ = {
			isa = PBXGroup;
			children = (
				9D2C38DC255C5F4200C1DBE6 /* TVShowAPI.swift */,
				9D2C38DE255C5F6200C1DBE6 /* ResponseAPI.swift */,
			);
			path = Model;
			sourceTree = "<group>";
		};
		9D2C38D5255C158200C1DBE6 /* Cell */ = {
			isa = PBXGroup;
			children = (
				9D2C38D6255C549E00C1DBE6 /* CustomTableViewCell.swift */,
				9D2C38D7255C549E00C1DBE6 /* CustomTableViewCell.xib */,
			);
			path = Cell;
			sourceTree = "<group>";
		};
		DD0306812C076AF751313087 /* Pods */ = {
			isa = PBXGroup;
			children = (
				2C32F5348AE4C67EC795EC78 /* Pods-TVShow.debug.xcconfig */,
				D9C924C19AD5B96A1C76D206 /* Pods-TVShow.release.xcconfig */,
			);
			path = Pods;
			sourceTree = "<group>";
		};
/* End PBXGroup section */

/* Begin PBXNativeTarget section */
		9D2C38B9255C0E9800C1DBE6 /* TVShow */ = {
			isa = PBXNativeTarget;
			buildConfigurationList = 9D2C38CE255C0E9D00C1DBE6 /* Build configuration list for PBXNativeTarget "TVShow" */;
			buildPhases = (
				CBE28FCDE02AE0D9144E9F60 /* [CP] Check Pods Manifest.lock */,
				9D2C38B6255C0E9800C1DBE6 /* Sources */,
				9D2C38B7255C0E9800C1DBE6 /* Frameworks */,
				9D2C38B8255C0E9800C1DBE6 /* Resources */,
				AE8B0FBF411EFE50FBBDF3FC /* [CP] Embed Pods Frameworks */,
			);
			buildRules = (
			);
			dependencies = (
			);
			name = TVShow;
			productName = TVShow;
			productReference = 9D2C38BA255C0E9800C1DBE6 /* TVShow.app */;
			productType = "com.apple.product-type.application";
		};
/* End PBXNativeTarget section */

/* Begin PBXProject section */
		9D2C38B2255C0E9800C1DBE6 /* Project object */ = {
			isa = PBXProject;
			attributes = {
				LastSwiftUpdateCheck = 1170;
				LastUpgradeCheck = 1170;
				ORGANIZATIONNAME = "Jordi Milla Catalan";
				TargetAttributes = {
					9D2C38B9255C0E9800C1DBE6 = {
						CreatedOnToolsVersion = 11.7;
					};
				};
			};
			buildConfigurationList = 9D2C38B5255C0E9800C1DBE6 /* Build configuration list for PBXProject "TVShow" */;
			compatibilityVersion = "Xcode 9.3";
			developmentRegion = en;
			hasScannedForEncodings = 0;
			knownRegions = (
				en,
				Base,
			);
			mainGroup = 9D2C38B1255C0E9800C1DBE6;
			productRefGroup = 9D2C38BB255C0E9800C1DBE6 /* Products */;
			projectDirPath = "";
			projectRoot = "";
			targets = (
				9D2C38B9255C0E9800C1DBE6 /* TVShow */,
			);
		};
/* End PBXProject section */

/* Begin PBXResourcesBuildPhase section */
		9D2C38B8255C0E9800C1DBE6 /* Resources */ = {
			isa = PBXResourcesBuildPhase;
			buildActionMask = 2147483647;
			files = (
				9D2C38CA255C0E9D00C1DBE6 /* LaunchScreen.storyboard in Resources */,
				9D2C38C7255C0E9D00C1DBE6 /* Assets.xcassets in Resources */,
				9D2C38D9255C549E00C1DBE6 /* CustomTableViewCell.xib in Resources */,
				9D2C38C5255C0E9800C1DBE6 /* Main.storyboard in Resources */,
			);
			runOnlyForDeploymentPostprocessing = 0;
		};
/* End PBXResourcesBuildPhase section */

/* Begin PBXShellScriptBuildPhase section */
		AE8B0FBF411EFE50FBBDF3FC /* [CP] Embed Pods Frameworks */ = {
			isa = PBXShellScriptBuildPhase;
			buildActionMask = 2147483647;
			files = (
			);
			inputFileListPaths = (
				"${PODS_ROOT}/Target Support Files/Pods-TVShow/Pods-TVShow-frameworks-${CONFIGURATION}-input-files.xcfilelist",
			);
			name = "[CP] Embed Pods Frameworks";
			outputFileListPaths = (
				"${PODS_ROOT}/Target Support Files/Pods-TVShow/Pods-TVShow-frameworks-${CONFIGURATION}-output-files.xcfilelist",
			);
			runOnlyForDeploymentPostprocessing = 0;
			shellPath = /bin/sh;
			shellScript = "\"${PODS_ROOT}/Target Support Files/Pods-TVShow/Pods-TVShow-frameworks.sh\"\n";
			showEnvVarsInLog = 0;
		};
		CBE28FCDE02AE0D9144E9F60 /* [CP] Check Pods Manifest.lock */ = {
			isa = PBXShellScriptBuildPhase;
			buildActionMask = 2147483647;
			files = (
			);
			inputFileListPaths = (
			);
			inputPaths = (
				"${PODS_PODFILE_DIR_PATH}/Podfile.lock",
				"${PODS_ROOT}/Manifest.lock",
			);
			name = "[CP] Check Pods Manifest.lock";
			outputFileListPaths = (
			);
			outputPaths = (
				"$(DERIVED_FILE_DIR)/Pods-TVShow-checkManifestLockResult.txt",
			);
			runOnlyForDeploymentPostprocessing = 0;
			shellPath = /bin/sh;
			shellScript = "diff \"${PODS_PODFILE_DIR_PATH}/Podfile.lock\" \"${PODS_ROOT}/Manifest.lock\" > /dev/null\nif [ $? != 0 ] ; then\n    # print error to STDERR\n    echo \"error: The sandbox is not in sync with the Podfile.lock. Run 'pod install' or update your CocoaPods installation.\" >&2\n    exit 1\nfi\n# This output is used by Xcode 'outputs' to avoid re-running this script phase.\necho \"SUCCESS\" > \"${SCRIPT_OUTPUT_FILE_0}\"\n";
			showEnvVarsInLog = 0;
		};
/* End PBXShellScriptBuildPhase section */

/* Begin PBXSourcesBuildPhase section */
		9D2C38B6255C0E9800C1DBE6 /* Sources */ = {
			isa = PBXSourcesBuildPhase;
			buildActionMask = 2147483647;
			files = (
				9D2C38C2255C0E9800C1DBE6 /* MoviesViewController.swift in Sources */,
				9D2C38BE255C0E9800C1DBE6 /* AppDelegate.swift in Sources */,
				9D2C38D8255C549E00C1DBE6 /* CustomTableViewCell.swift in Sources */,
				9D2C38DF255C5F6200C1DBE6 /* ResponseAPI.swift in Sources */,
				9D2C38DD255C5F4200C1DBE6 /* TVShowAPI.swift in Sources */,
				9D2C38C0255C0E9800C1DBE6 /* SceneDelegate.swift in Sources */,
			);
			runOnlyForDeploymentPostprocessing = 0;
		};
/* End PBXSourcesBuildPhase section */

/* Begin PBXVariantGroup section */
		9D2C38C3255C0E9800C1DBE6 /* Main.storyboard */ = {
			isa = PBXVariantGroup;
			children = (
				9D2C38C4255C0E9800C1DBE6 /* Base */,
			);
			name = Main.storyboard;
			sourceTree = "<group>";
		};
		9D2C38C8255C0E9D00C1DBE6 /* LaunchScreen.storyboard */ = {
			isa = PBXVariantGroup;
			children = (
				9D2C38C9255C0E9D00C1DBE6 /* Base */,
			);
			name = LaunchScreen.storyboard;
			sourceTree = "<group>";
		};
/* End PBXVariantGroup section */

/* Begin XCBuildConfiguration section */
		9D2C38CC255C0E9D00C1DBE6 /* Debug */ = {
			isa = XCBuildConfiguration;
			buildSettings = {
				ALWAYS_SEARCH_USER_PATHS = NO;
				CLANG_ANALYZER_NONNULL = YES;
				CLANG_ANALYZER_NUMBER_OBJECT_CONVERSION = YES_AGGRESSIVE;
				CLANG_CXX_LANGUAGE_STANDARD = "gnu++14";
				CLANG_CXX_LIBRARY = "libc++";
				CLANG_ENABLE_MODULES = YES;
				CLANG_ENABLE_OBJC_ARC = YES;
				CLANG_ENABLE_OBJC_WEAK = YES;
				CLANG_WARN_BLOCK_CAPTURE_AUTORELEASING = YES;
				CLANG_WARN_BOOL_CONVERSION = YES;
				CLANG_WARN_COMMA = YES;
				CLANG_WARN_CONSTANT_CONVERSION = YES;
				CLANG_WARN_DEPRECATED_OBJC_IMPLEMENTATIONS = YES;
				CLANG_WARN_DIRECT_OBJC_ISA_USAGE = YES_ERROR;
				CLANG_WARN_DOCUMENTATION_COMMENTS = YES;
				CLANG_WARN_EMPTY_BODY = YES;
				CLANG_WARN_ENUM_CONVERSION = YES;
				CLANG_WARN_INFINITE_RECURSION = YES;
				CLANG_WARN_INT_CONVERSION = YES;
				CLANG_WARN_NON_LITERAL_NULL_CONVERSION = YES;
				CLANG_WARN_OBJC_IMPLICIT_RETAIN_SELF = YES;
				CLANG_WARN_OBJC_LITERAL_CONVERSION = YES;
				CLANG_WARN_OBJC_ROOT_CLASS = YES_ERROR;
				CLANG_WARN_RANGE_LOOP_ANALYSIS = YES;
				CLANG_WARN_STRICT_PROTOTYPES = YES;
				CLANG_WARN_SUSPICIOUS_MOVE = YES;
				CLANG_WARN_UNGUARDED_AVAILABILITY = YES_AGGRESSIVE;
				CLANG_WARN_UNREACHABLE_CODE = YES;
				CLANG_WARN__DUPLICATE_METHOD_MATCH = YES;
				COPY_PHASE_STRIP = NO;
				DEBUG_INFORMATION_FORMAT = dwarf;
				ENABLE_STRICT_OBJC_MSGSEND = YES;
				ENABLE_TESTABILITY = YES;
				GCC_C_LANGUAGE_STANDARD = gnu11;
				GCC_DYNAMIC_NO_PIC = NO;
				GCC_NO_COMMON_BLOCKS = YES;
				GCC_OPTIMIZATION_LEVEL = 0;
				GCC_PREPROCESSOR_DEFINITIONS = (
					"DEBUG=1",
					"$(inherited)",
				);
				GCC_WARN_64_TO_32_BIT_CONVERSION = YES;
				GCC_WARN_ABOUT_RETURN_TYPE = YES_ERROR;
				GCC_WARN_UNDECLARED_SELECTOR = YES;
				GCC_WARN_UNINITIALIZED_AUTOS = YES_AGGRESSIVE;
				GCC_WARN_UNUSED_FUNCTION = YES;
				GCC_WARN_UNUSED_VARIABLE = YES;
				IPHONEOS_DEPLOYMENT_TARGET = 13.7;
				MTL_ENABLE_DEBUG_INFO = INCLUDE_SOURCE;
				MTL_FAST_MATH = YES;
				ONLY_ACTIVE_ARCH = YES;
				SDKROOT = iphoneos;
				SWIFT_ACTIVE_COMPILATION_CONDITIONS = DEBUG;
				SWIFT_OPTIMIZATION_LEVEL = "-Onone";
			};
			name = Debug;
		};
		9D2C38CD255C0E9D00C1DBE6 /* Release */ = {
			isa = XCBuildConfiguration;
			buildSettings = {
				ALWAYS_SEARCH_USER_PATHS = NO;
				CLANG_ANALYZER_NONNULL = YES;
				CLANG_ANALYZER_NUMBER_OBJECT_CONVERSION = YES_AGGRESSIVE;
				CLANG_CXX_LANGUAGE_STANDARD = "gnu++14";
				CLANG_CXX_LIBRARY = "libc++";
				CLANG_ENABLE_MODULES = YES;
				CLANG_ENABLE_OBJC_ARC = YES;
				CLANG_ENABLE_OBJC_WEAK = YES;
				CLANG_WARN_BLOCK_CAPTURE_AUTORELEASING = YES;
				CLANG_WARN_BOOL_CONVERSION = YES;
				CLANG_WARN_COMMA = YES;
				CLANG_WARN_CONSTANT_CONVERSION = YES;
				CLANG_WARN_DEPRECATED_OBJC_IMPLEMENTATIONS = YES;
				CLANG_WARN_DIRECT_OBJC_ISA_USAGE = YES_ERROR;
				CLANG_WARN_DOCUMENTATION_COMMENTS = YES;
				CLANG_WARN_EMPTY_BODY = YES;
				CLANG_WARN_ENUM_CONVERSION = YES;
				CLANG_WARN_INFINITE_RECURSION = YES;
				CLANG_WARN_INT_CONVERSION = YES;
				CLANG_WARN_NON_LITERAL_NULL_CONVERSION = YES;
				CLANG_WARN_OBJC_IMPLICIT_RETAIN_SELF = YES;
				CLANG_WARN_OBJC_LITERAL_CONVERSION = YES;
				CLANG_WARN_OBJC_ROOT_CLASS = YES_ERROR;
				CLANG_WARN_RANGE_LOOP_ANALYSIS = YES;
				CLANG_WARN_STRICT_PROTOTYPES = YES;
				CLANG_WARN_SUSPICIOUS_MOVE = YES;
				CLANG_WARN_UNGUARDED_AVAILABILITY = YES_AGGRESSIVE;
				CLANG_WARN_UNREACHABLE_CODE = YES;
				CLANG_WARN__DUPLICATE_METHOD_MATCH = YES;
				COPY_PHASE_STRIP = NO;
				DEBUG_INFORMATION_FORMAT = "dwarf-with-dsym";
				ENABLE_NS_ASSERTIONS = NO;
				ENABLE_STRICT_OBJC_MSGSEND = YES;
				GCC_C_LANGUAGE_STANDARD = gnu11;
				GCC_NO_COMMON_BLOCKS = YES;
				GCC_WARN_64_TO_32_BIT_CONVERSION = YES;
				GCC_WARN_ABOUT_RETURN_TYPE = YES_ERROR;
				GCC_WARN_UNDECLARED_SELECTOR = YES;
				GCC_WARN_UNINITIALIZED_AUTOS = YES_AGGRESSIVE;
				GCC_WARN_UNUSED_FUNCTION = YES;
				GCC_WARN_UNUSED_VARIABLE = YES;
				IPHONEOS_DEPLOYMENT_TARGET = 13.7;
				MTL_ENABLE_DEBUG_INFO = NO;
				MTL_FAST_MATH = YES;
				SDKROOT = iphoneos;
				SWIFT_COMPILATION_MODE = wholemodule;
				SWIFT_OPTIMIZATION_LEVEL = "-O";
				VALIDATE_PRODUCT = YES;
			};
			name = Release;
		};
		9D2C38CF255C0E9D00C1DBE6 /* Debug */ = {
			isa = XCBuildConfiguration;
			baseConfigurationReference = 2C32F5348AE4C67EC795EC78 /* Pods-TVShow.debug.xcconfig */;
			buildSettings = {
				ASSETCATALOG_COMPILER_APPICON_NAME = AppIcon;
				CODE_SIGN_STYLE = Automatic;
				INFOPLIST_FILE = TVShow/Application/Info.plist;
				LD_RUNPATH_SEARCH_PATHS = (
					"$(inherited)",
					"@executable_path/Frameworks",
				);
				PRODUCT_BUNDLE_IDENTIFIER = com.jordi.benavides.TVShow;
				PRODUCT_NAME = "$(TARGET_NAME)";
				SWIFT_VERSION = 5.0;
				TARGETED_DEVICE_FAMILY = "1,2";
			};
			name = Debug;
		};
		9D2C38D0255C0E9D00C1DBE6 /* Release */ = {
			isa = XCBuildConfiguration;
			baseConfigurationReference = D9C924C19AD5B96A1C76D206 /* Pods-TVShow.release.xcconfig */;
			buildSettings = {
				ASSETCATALOG_COMPILER_APPICON_NAME = AppIcon;
				CODE_SIGN_STYLE = Automatic;
				INFOPLIST_FILE = TVShow/Application/Info.plist;
				LD_RUNPATH_SEARCH_PATHS = (
					"$(inherited)",
					"@executable_path/Frameworks",
				);
				PRODUCT_BUNDLE_IDENTIFIER = com.jordi.benavides.TVShow;
				PRODUCT_NAME = "$(TARGET_NAME)";
				SWIFT_VERSION = 5.0;
				TARGETED_DEVICE_FAMILY = "1,2";
			};
			name = Release;
		};
/* End XCBuildConfiguration section */

/* Begin XCConfigurationList section */
		9D2C38B5255C0E9800C1DBE6 /* Build configuration list for PBXProject "TVShow" */ = {
			isa = XCConfigurationList;
			buildConfigurations = (
				9D2C38CC255C0E9D00C1DBE6 /* Debug */,
				9D2C38CD255C0E9D00C1DBE6 /* Release */,
			);
			defaultConfigurationIsVisible = 0;
			defaultConfigurationName = Release;
		};
		9D2C38CE255C0E9D00C1DBE6 /* Build configuration list for PBXNativeTarget "TVShow" */ = {
			isa = XCConfigurationList;
			buildConfigurations = (
				9D2C38CF255C0E9D00C1DBE6 /* Debug */,
				9D2C38D0255C0E9D00C1DBE6 /* Release */,
			);
			defaultConfigurationIsVisible = 0;
			defaultConfigurationName = Release;
		};
/* End XCConfigurationList section */
	};
	rootObject = 9D2C38B2255C0E9800C1DBE6 /* Project object */;
}
